
Microsoft Visual Studio Solution File, Format Version 12.00
# Visual Studio Version 17
VisualStudioVersion = 17.8.34330.188
MinimumVisualStudioVersion = 10.0.40219.1
Project("{9A19103F-16F7-4668-BE54-9A1E7A4F7556}") = "WebApi", "WebApi\WebApi.csproj", "{72914A2C-D0C5-4C6E-8E21-3EAFC52D79EA}"
EndProject
Project("{9A19103F-16F7-4668-BE54-9A1E7A4F7556}") = "Domain", "Domain\Domain.csproj", "{61C4A138-B792-485E-89EC-B1925C6281BE}"
EndProject
Project("{9A19103F-16F7-4668-BE54-9A1E7A4F7556}") = "Application", "Application\Application.csproj", "{B48D999F-7F40-41BD-BF2B-F29C1844C3B0}"
EndProject
Project("{9A19103F-16F7-4668-BE54-9A1E7A4F7556}") = "Persistence", "Persistence\Persistence.csproj", "{1B2952DF-BCB0-41BA-8B9F-487231AD4573}"
EndProject
Project("{FAE04EC0-301F-11D3-BF4B-00C04F79EFBC}") = "ReportDetailCreateWorkerService", "ReportDetailCreateWorkerService\ReportDetailCreateWorkerService.csproj", "{001D9DEC-08FB-4140-A50B-739DF584B958}"
EndProject
Global
	GlobalSection(SolutionConfigurationPlatforms) = preSolution
		Debug|Any CPU = Debug|Any CPU
		Release|Any CPU = Release|Any CPU
	EndGlobalSection
	GlobalSection(ProjectConfigurationPlatforms) = postSolution
		{72914A2C-D0C5-4C6E-8E21-3EAFC52D79EA}.Debug|Any CPU.ActiveCfg = Debug|Any CPU
		{72914A2C-D0C5-4C6E-8E21-3EAFC52D79EA}.Debug|Any CPU.Build.0 = Debug|Any CPU
		{72914A2C-D0C5-4C6E-8E21-3EAFC52D79EA}.Release|Any CPU.ActiveCfg = Release|Any CPU
		{72914A2C-D0C5-4C6E-8E21-3EAFC52D79EA}.Release|Any CPU.Build.0 = Release|Any CPU
		{61C4A138-B792-485E-89EC-B1925C6281BE}.Debug|Any CPU.ActiveCfg = Debug|Any CPU
		{61C4A138-B792-485E-89EC-B1925C6281BE}.Debug|Any CPU.Build.0 = Debug|Any CPU
		{61C4A138-B792-485E-89EC-B1925C6281BE}.Release|Any CPU.ActiveCfg = Release|Any CPU
		{61C4A138-B792-485E-89EC-B1925C6281BE}.Release|Any CPU.Build.0 = Release|Any CPU
		{B48D999F-7F40-41BD-BF2B-F29C1844C3B0}.Debug|Any CPU.ActiveCfg = Debug|Any CPU
		{B48D999F-7F40-41BD-BF2B-F29C1844C3B0}.Debug|Any CPU.Build.0 = Debug|Any CPU
		{B48D999F-7F40-41BD-BF2B-F29C1844C3B0}.Release|Any CPU.ActiveCfg = Release|Any CPU
		{B48D999F-7F40-41BD-BF2B-F29C1844C3B0}.Release|Any CPU.Build.0 = Release|Any CPU
		{1B2952DF-BCB0-41BA-8B9F-487231AD4573}.Debug|Any CPU.ActiveCfg = Debug|Any CPU
		{1B2952DF-BCB0-41BA-8B9F-487231AD4573}.Debug|Any CPU.Build.0 = Debug|Any CPU
		{1B2952DF-BCB0-41BA-8B9F-487231AD4573}.Release|Any CPU.ActiveCfg = Release|Any CPU
		{1B2952DF-BCB0-41BA-8B9F-487231AD4573}.Release|Any CPU.Build.0 = Release|Any CPU
		{001D9DEC-08FB-4140-A50B-739DF584B958}.Debug|Any CPU.ActiveCfg = Debug|Any CPU
		{001D9DEC-08FB-4140-A50B-739DF584B958}.Debug|Any CPU.Build.0 = Debug|Any CPU
		{001D9DEC-08FB-4140-A50B-739DF584B958}.Release|Any CPU.ActiveCfg = Release|Any CPU
		{001D9DEC-08FB-4140-A50B-739DF584B958}.Release|Any CPU.Build.0 = Release|Any CPU
	EndGlobalSection
	GlobalSection(SolutionProperties) = preSolution
		HideSolutionNode = FALSE
	EndGlobalSection
	GlobalSection(ExtensibilityGlobals) = postSolution
		SolutionGuid = {F0DE8256-AB57-4333-BCDA-9B478624CC69}
	EndGlobalSection
EndGlobal
